// !$*UTF8*$!
{
	archiveVersion = 1;
	classes = {
	};
	objectVersion = 55;
	objects = {

/* Begin PBXBuildFile section */
		60A82C0227B690E600036734 /* AnimationRotationApp.swift in Sources */ = {isa = PBXBuildFile; fileRef = 60A82C0127B690E600036734 /* AnimationRotationApp.swift */; };
		60A82C0427B690E600036734 /* ContentView.swift in Sources */ = {isa = PBXBuildFile; fileRef = 60A82C0327B690E600036734 /* ContentView.swift */; };
		60A82C0627B690E600036734 /* Assets.xcassets in Resources */ = {isa = PBXBuildFile; fileRef = 60A82C0527B690E600036734 /* Assets.xcassets */; };
		60A82C0927B690E600036734 /* Preview Assets.xcassets in Resources */ = {isa = PBXBuildFile; fileRef = 60A82C0827B690E600036734 /* Preview Assets.xcassets */; };
		60A82C1327B690E600036734 /* AnimationRotationTests.swift in Sources */ = {isa = PBXBuildFile; fileRef = 60A82C1227B690E600036734 /* AnimationRotationTests.swift */; };
		60A82C1D27B690E600036734 /* AnimationRotationUITests.swift in Sources */ = {isa = PBXBuildFile; fileRef = 60A82C1C27B690E600036734 /* AnimationRotationUITests.swift */; };
		60A82C1F27B690E600036734 /* AnimationRotationUITestsLaunchTests.swift in Sources */ = {isa = PBXBuildFile; fileRef = 60A82C1E27B690E600036734 /* AnimationRotationUITestsLaunchTests.swift */; };
/* End PBXBuildFile section */

/* Begin PBXContainerItemProxy section */
		60A82C0F27B690E600036734 /* PBXContainerItemProxy */ = {
			isa = PBXContainerItemProxy;
			containerPortal = 60A82BF627B690E600036734 /* Project object */;
			proxyType = 1;
			remoteGlobalIDString = 60A82BFD27B690E600036734;
			remoteInfo = AnimationRotation;
		};
		60A82C1927B690E600036734 /* PBXContainerItemProxy */ = {
			isa = PBXContainerItemProxy;
			containerPortal = 60A82BF627B690E600036734 /* Project object */;
			proxyType = 1;
			remoteGlobalIDString = 60A82BFD27B690E600036734;
			remoteInfo = AnimationRotation;
		};
/* End PBXContainerItemProxy section */

/* Begin PBXFileReference section */
		60A82BFE27B690E600036734 /* AnimationRotation.app */ = {isa = PBXFileReference; explicitFileType = wrapper.application; includeInIndex = 0; path = AnimationRotation.app; sourceTree = BUILT_PRODUCTS_DIR; };
		60A82C0127B690E600036734 /* AnimationRotationApp.swift */ = {isa = PBXFileReference; lastKnownFileType = sourcecode.swift; path = AnimationRotationApp.swift; sourceTree = "<group>"; };
		60A82C0327B690E600036734 /* ContentView.swift */ = {isa = PBXFileReference; lastKnownFileType = sourcecode.swift; path = ContentView.swift; sourceTree = "<group>"; };
		60A82C0527B690E600036734 /* Assets.xcassets */ = {isa = PBXFileReference; lastKnownFileType = folder.assetcatalog; path = Assets.xcassets; sourceTree = "<group>"; };
		60A82C0827B690E600036734 /* Preview Assets.xcassets */ = {isa = PBXFileReference; lastKnownFileType = folder.assetcatalog; path = "Preview Assets.xcassets"; sourceTree = "<group>"; };
		60A82C0E27B690E600036734 /* AnimationRotationTests.xctest */ = {isa = PBXFileReference; explicitFileType = wrapper.cfbundle; includeInIndex = 0; path = AnimationRotationTests.xctest; sourceTree = BUILT_PRODUCTS_DIR; };
		60A82C1227B690E600036734 /* AnimationRotationTests.swift */ = {isa = PBXFileReference; lastKnownFileType = sourcecode.swift; path = AnimationRotationTests.swift; sourceTree = "<group>"; };
		60A82C1827B690E600036734 /* AnimationRotationUITests.xctest */ = {isa = PBXFileReference; explicitFileType = wrapper.cfbundle; includeInIndex = 0; path = AnimationRotationUITests.xctest; sourceTree = BUILT_PRODUCTS_DIR; };
		60A82C1C27B690E600036734 /* AnimationRotationUITests.swift */ = {isa = PBXFileReference; lastKnownFileType = sourcecode.swift; path = AnimationRotationUITests.swift; sourceTree = "<group>"; };
		60A82C1E27B690E600036734 /* AnimationRotationUITestsLaunchTests.swift */ = {isa = PBXFileReference; lastKnownFileType = sourcecode.swift; path = AnimationRotationUITestsLaunchTests.swift; sourceTree = "<group>"; };
/* End PBXFileReference section */

/* Begin PBXFrameworksBuildPhase section */
		60A82BFB27B690E600036734 /* Frameworks */ = {
			isa = PBXFrameworksBuildPhase;
			buildActionMask = 2147483647;
			files = (
			);
			runOnlyForDeploymentPostprocessing = 0;
		};
		60A82C0B27B690E600036734 /* Frameworks */ = {
			isa = PBXFrameworksBuildPhase;
			buildActionMask = 2147483647;
			files = (
			);
			runOnlyForDeploymentPostprocessing = 0;
		};
		60A82C1527B690E600036734 /* Frameworks */ = {
			isa = PBXFrameworksBuildPhase;
			buildActionMask = 2147483647;
			files = (
			);
			runOnlyForDeploymentPostprocessing = 0;
		};
/* End PBXFrameworksBuildPhase section */

/* Begin PBXGroup section */
		60A82BF527B690E600036734 = {
			isa = PBXGroup;
			children = (
				60A82C0027B690E600036734 /* AnimationRotation */,
				60A82C1127B690E600036734 /* AnimationRotationTests */,
				60A82C1B27B690E600036734 /* AnimationRotationUITests */,
				60A82BFF27B690E600036734 /* Products */,
			);
			sourceTree = "<group>";
		};
		60A82BFF27B690E600036734 /* Products */ = {
			isa = PBXGroup;
			children = (
				60A82BFE27B690E600036734 /* AnimationRotation.app */,
				60A82C0E27B690E600036734 /* AnimationRotationTests.xctest */,
				60A82C1827B690E600036734 /* AnimationRotationUITests.xctest */,
			);
			name = Products;
			sourceTree = "<group>";
		};
		60A82C0027B690E600036734 /* AnimationRotation */ = {
			isa = PBXGroup;
			children = (
				60A82C0127B690E600036734 /* AnimationRotationApp.swift */,
				60A82C0327B690E600036734 /* ContentView.swift */,
				60A82C0527B690E600036734 /* Assets.xcassets */,
				60A82C0727B690E600036734 /* Preview Content */,
			);
			path = AnimationRotation;
			sourceTree = "<group>";
		};
		60A82C0727B690E600036734 /* Preview Content */ = {
			isa = PBXGroup;
			children = (
				60A82C0827B690E600036734 /* Preview Assets.xcassets */,
			);
			path = "Preview Content";
			sourceTree = "<group>";
		};
		60A82C1127B690E600036734 /* AnimationRotationTests */ = {
			isa = PBXGroup;
			children = (
				60A82C1227B690E600036734 /* AnimationRotationTests.swift */,
			);
			path = AnimationRotationTests;
			sourceTree = "<group>";
		};
		60A82C1B27B690E600036734 /* AnimationRotationUITests */ = {
			isa = PBXGroup;
			children = (
				60A82C1C27B690E600036734 /* AnimationRotationUITests.swift */,
				60A82C1E27B690E600036734 /* AnimationRotationUITestsLaunchTests.swift */,
			);
			path = AnimationRotationUITests;
			sourceTree = "<group>";
		};
/* End PBXGroup section */

/* Begin PBXNativeTarget section */
		60A82BFD27B690E600036734 /* AnimationRotation */ = {
			isa = PBXNativeTarget;
			buildConfigurationList = 60A82C2227B690E600036734 /* Build configuration list for PBXNativeTarget "AnimationRotation" */;
			buildPhases = (
				60A82BFA27B690E600036734 /* Sources */,
				60A82BFB27B690E600036734 /* Frameworks */,
				60A82BFC27B690E600036734 /* Resources */,
			);
			buildRules = (
			);
			dependencies = (
			);
			name = AnimationRotation;
			productName = AnimationRotation;
			productReference = 60A82BFE27B690E600036734 /* AnimationRotation.app */;
			productType = "com.apple.product-type.application";
		};
		60A82C0D27B690E600036734 /* AnimationRotationTests */ = {
			isa = PBXNativeTarget;
			buildConfigurationList = 60A82C2527B690E600036734 /* Build configuration list for PBXNativeTarget "AnimationRotationTests" */;
			buildPhases = (
				60A82C0A27B690E600036734 /* Sources */,
				60A82C0B27B690E600036734 /* Frameworks */,
				60A82C0C27B690E600036734 /* Resources */,
			);
			buildRules = (
			);
			dependencies = (
				60A82C1027B690E600036734 /* PBXTargetDependency */,
			);
			name = AnimationRotationTests;
			productName = AnimationRotationTests;
			productReference = 60A82C0E27B690E600036734 /* AnimationRotationTests.xctest */;
			productType = "com.apple.product-type.bundle.unit-test";
		};
		60A82C1727B690E600036734 /* AnimationRotationUITests */ = {
			isa = PBXNativeTarget;
			buildConfigurationList = 60A82C2827B690E600036734 /* Build configuration list for PBXNativeTarget "AnimationRotationUITests" */;
			buildPhases = (
				60A82C1427B690E600036734 /* Sources */,
				60A82C1527B690E600036734 /* Frameworks */,
				60A82C1627B690E600036734 /* Resources */,
			);
			buildRules = (
			);
			dependencies = (
				60A82C1A27B690E600036734 /* PBXTargetDependency */,
			);
			name = AnimationRotationUITests;
			productName = AnimationRotationUITests;
			productReference = 60A82C1827B690E600036734 /* AnimationRotationUITests.xctest */;
			productType = "com.apple.product-type.bundle.ui-testing";
		};
/* End PBXNativeTarget section */

/* Begin PBXProject section */
		60A82BF627B690E600036734 /* Project object */ = {
			isa = PBXProject;
			attributes = {
				BuildIndependentTargetsInParallel = 1;
				LastSwiftUpdateCheck = 1320;
				LastUpgradeCheck = 1320;
				TargetAttributes = {
					60A82BFD27B690E600036734 = {
						CreatedOnToolsVersion = 13.2.1;
					};
					60A82C0D27B690E600036734 = {
						CreatedOnToolsVersion = 13.2.1;
						TestTargetID = 60A82BFD27B690E600036734;
					};
					60A82C1727B690E600036734 = {
						CreatedOnToolsVersion = 13.2.1;
						TestTargetID = 60A82BFD27B690E600036734;
					};
				};
			};
			buildConfigurationList = 60A82BF927B690E600036734 /* Build configuration list for PBXProject "AnimationRotation" */;
			compatibilityVersion = "Xcode 13.0";
			developmentRegion = en;
			hasScannedForEncodings = 0;
			knownRegions = (
				en,
				Base,
			);
			mainGroup = 60A82BF527B690E600036734;
			productRefGroup = 60A82BFF27B690E600036734 /* Products */;
			projectDirPath = "";
			projectRoot = "";
			targets = (
				60A82BFD27B690E600036734 /* AnimationRotation */,
				60A82C0D27B690E600036734 /* AnimationRotationTests */,
				60A82C1727B690E600036734 /* AnimationRotationUITests */,
			);
		};
/* End PBXProject section */

/* Begin PBXResourcesBuildPhase section */
		60A82BFC27B690E600036734 /* Resources */ = {
			isa = PBXResourcesBuildPhase;
			buildActionMask = 2147483647;
			files = (
				60A82C0927B690E600036734 /* Preview Assets.xcassets in Resources */,
				60A82C0627B690E600036734 /* Assets.xcassets in Resources */,
			);
			runOnlyForDeploymentPostprocessing = 0;
		};
		60A82C0C27B690E600036734 /* Resources */ = {
			isa = PBXResourcesBuildPhase;
			buildActionMask = 2147483647;
			files = (
			);
			runOnlyForDeploymentPostprocessing = 0;
		};
		60A82C1627B690E600036734 /* Resources */ = {
			isa = PBXResourcesBuildPhase;
			buildActionMask = 2147483647;
			files = (
			);
			runOnlyForDeploymentPostprocessing = 0;
		};
/* End PBXResourcesBuildPhase section */

/* Begin PBXSourcesBuildPhase section */
		60A82BFA27B690E600036734 /* Sources */ = {
			isa = PBXSourcesBuildPhase;
			buildActionMask = 2147483647;
			files = (
				60A82C0427B690E600036734 /* ContentView.swift in Sources */,
				60A82C0227B690E600036734 /* AnimationRotationApp.swift in Sources */,
			);
			runOnlyForDeploymentPostprocessing = 0;
		};
		60A82C0A27B690E600036734 /* Sources */ = {
			isa = PBXSourcesBuildPhase;
			buildActionMask = 2147483647;
			files = (
				60A82C1327B690E600036734 /* AnimationRotationTests.swift in Sources */,
			);
			runOnlyForDeploymentPostprocessing = 0;
		};
		60A82C1427B690E600036734 /* Sources */ = {
			isa = PBXSourcesBuildPhase;
			buildActionMask = 2147483647;
			files = (
				60A82C1D27B690E600036734 /* AnimationRotationUITests.swift in Sources */,
				60A82C1F27B690E600036734 /* AnimationRotationUITestsLaunchTests.swift in Sources */,
			);
			runOnlyForDeploymentPostprocessing = 0;
		};
/* End PBXSourcesBuildPhase section */

/* Begin PBXTargetDependency section */
		60A82C1027B690E600036734 /* PBXTargetDependency */ = {
			isa = PBXTargetDependency;
			target = 60A82BFD27B690E600036734 /* AnimationRotation */;
			targetProxy = 60A82C0F27B690E600036734 /* PBXContainerItemProxy */;
		};
		60A82C1A27B690E600036734 /* PBXTargetDependency */ = {
			isa = PBXTargetDependency;
			target = 60A82BFD27B690E600036734 /* AnimationRotation */;
			targetProxy = 60A82C1927B690E600036734 /* PBXContainerItemProxy */;
		};
/* End PBXTargetDependency section */

/* Begin XCBuildConfiguration section */
		60A82C2027B690E600036734 /* Debug */ = {
			isa = XCBuildConfiguration;
			buildSettings = {
				ALWAYS_SEARCH_USER_PATHS = NO;
				CLANG_ANALYZER_NONNULL = YES;
				CLANG_ANALYZER_NUMBER_OBJECT_CONVERSION = YES_AGGRESSIVE;
				CLANG_CXX_LANGUAGE_STANDARD = "gnu++17";
				CLANG_CXX_LIBRARY = "libc++";
				CLANG_ENABLE_MODULES = YES;
				CLANG_ENABLE_OBJC_ARC = YES;
				CLANG_ENABLE_OBJC_WEAK = YES;
				CLANG_WARN_BLOCK_CAPTURE_AUTORELEASING = YES;
				CLANG_WARN_BOOL_CONVERSION = YES;
				CLANG_WARN_COMMA = YES;
				CLANG_WARN_CONSTANT_CONVERSION = YES;
				CLANG_WARN_DEPRECATED_OBJC_IMPLEMENTATIONS = YES;
				CLANG_WARN_DIRECT_OBJC_ISA_USAGE = YES_ERROR;
				CLANG_WARN_DOCUMENTATION_COMMENTS = YES;
				CLANG_WARN_EMPTY_BODY = YES;
				CLANG_WARN_ENUM_CONVERSION = YES;
				CLANG_WARN_INFINITE_RECURSION = YES;
				CLANG_WARN_INT_CONVERSION = YES;
				CLANG_WARN_NON_LITERAL_NULL_CONVERSION = YES;
				CLANG_WARN_OBJC_IMPLICIT_RETAIN_SELF = YES;
				CLANG_WARN_OBJC_LITERAL_CONVERSION = YES;
				CLANG_WARN_OBJC_ROOT_CLASS = YES_ERROR;
				CLANG_WARN_QUOTED_INCLUDE_IN_FRAMEWORK_HEADER = YES;
				CLANG_WARN_RANGE_LOOP_ANALYSIS = YES;
				CLANG_WARN_STRICT_PROTOTYPES = YES;
				CLANG_WARN_SUSPICIOUS_MOVE = YES;
				CLANG_WARN_UNGUARDED_AVAILABILITY = YES_AGGRESSIVE;
				CLANG_WARN_UNREACHABLE_CODE = YES;
				CLANG_WARN__DUPLICATE_METHOD_MATCH = YES;
				COPY_PHASE_STRIP = NO;
				DEBUG_INFORMATION_FORMAT = dwarf;
				ENABLE_STRICT_OBJC_MSGSEND = YES;
				ENABLE_TESTABILITY = YES;
				GCC_C_LANGUAGE_STANDARD = gnu11;
				GCC_DYNAMIC_NO_PIC = NO;
				GCC_NO_COMMON_BLOCKS = YES;
				GCC_OPTIMIZATION_LEVEL = 0;
				GCC_PREPROCESSOR_DEFINITIONS = (
					"DEBUG=1",
					"$(inherited)",
				);
				GCC_WARN_64_TO_32_BIT_CONVERSION = YES;
				GCC_WARN_ABOUT_RETURN_TYPE = YES_ERROR;
				GCC_WARN_UNDECLARED_SELECTOR = YES;
				GCC_WARN_UNINITIALIZED_AUTOS = YES_AGGRESSIVE;
				GCC_WARN_UNUSED_FUNCTION = YES;
				GCC_WARN_UNUSED_VARIABLE = YES;
				IPHONEOS_DEPLOYMENT_TARGET = 15.2;
				MTL_ENABLE_DEBUG_INFO = INCLUDE_SOURCE;
				MTL_FAST_MATH = YES;
				ONLY_ACTIVE_ARCH = YES;
				SDKROOT = iphoneos;
				SWIFT_ACTIVE_COMPILATION_CONDITIONS = DEBUG;
				SWIFT_OPTIMIZATION_LEVEL = "-Onone";
			};
			name = Debug;
		};
		60A82C2127B690E600036734 /* Release */ = {
			isa = XCBuildConfiguration;
			buildSettings = {
				ALWAYS_SEARCH_USER_PATHS = NO;
				CLANG_ANALYZER_NONNULL = YES;
				CLANG_ANALYZER_NUMBER_OBJECT_CONVERSION = YES_AGGRESSIVE;
				CLANG_CXX_LANGUAGE_STANDARD = "gnu++17";
				CLANG_CXX_LIBRARY = "libc++";
				CLANG_ENABLE_MODULES = YES;
				CLANG_ENABLE_OBJC_ARC = YES;
				CLANG_ENABLE_OBJC_WEAK = YES;
				CLANG_WARN_BLOCK_CAPTURE_AUTORELEASING = YES;
				CLANG_WARN_BOOL_CONVERSION = YES;
				CLANG_WARN_COMMA = YES;
				CLANG_WARN_CONSTANT_CONVERSION = YES;
				CLANG_WARN_DEPRECATED_OBJC_IMPLEMENTATIONS = YES;
				CLANG_WARN_DIRECT_OBJC_ISA_USAGE = YES_ERROR;
				CLANG_WARN_DOCUMENTATION_COMMENTS = YES;
				CLANG_WARN_EMPTY_BODY = YES;
				CLANG_WARN_ENUM_CONVERSION = YES;
				CLANG_WARN_INFINITE_RECURSION = YES;
				CLANG_WARN_INT_CONVERSION = YES;
				CLANG_WARN_NON_LITERAL_NULL_CONVERSION = YES;
				CLANG_WARN_OBJC_IMPLICIT_RETAIN_SELF = YES;
				CLANG_WARN_OBJC_LITERAL_CONVERSION = YES;
				CLANG_WARN_OBJC_ROOT_CLASS = YES_ERROR;
				CLANG_WARN_QUOTED_INCLUDE_IN_FRAMEWORK_HEADER = YES;
				CLANG_WARN_RANGE_LOOP_ANALYSIS = YES;
				CLANG_WARN_STRICT_PROTOTYPES = YES;
				CLANG_WARN_SUSPICIOUS_MOVE = YES;
				CLANG_WARN_UNGUARDED_AVAILABILITY = YES_AGGRESSIVE;
				CLANG_WARN_UNREACHABLE_CODE = YES;
				CLANG_WARN__DUPLICATE_METHOD_MATCH = YES;
				COPY_PHASE_STRIP = NO;
				DEBUG_INFORMATION_FORMAT = "dwarf-with-dsym";
				ENABLE_NS_ASSERTIONS = NO;
				ENABLE_STRICT_OBJC_MSGSEND = YES;
				GCC_C_LANGUAGE_STANDARD = gnu11;
				GCC_NO_COMMON_BLOCKS = YES;
				GCC_WARN_64_TO_32_BIT_CONVERSION = YES;
				GCC_WARN_ABOUT_RETURN_TYPE = YES_ERROR;
				GCC_WARN_UNDECLARED_SELECTOR = YES;
				GCC_WARN_UNINITIALIZED_AUTOS = YES_AGGRESSIVE;
				GCC_WARN_UNUSED_FUNCTION = YES;
				GCC_WARN_UNUSED_VARIABLE = YES;
				IPHONEOS_DEPLOYMENT_TARGET = 15.2;
				MTL_ENABLE_DEBUG_INFO = NO;
				MTL_FAST_MATH = YES;
				SDKROOT = iphoneos;
				SWIFT_COMPILATION_MODE = wholemodule;
				SWIFT_OPTIMIZATION_LEVEL = "-O";
				VALIDATE_PRODUCT = YES;
			};
			name = Release;
		};
		60A82C2327B690E600036734 /* Debug */ = {
			isa = XCBuildConfiguration;
			buildSettings = {
				ASSETCATALOG_COMPILER_APPICON_NAME = AppIcon;
				ASSETCATALOG_COMPILER_GLOBAL_ACCENT_COLOR_NAME = AccentColor;
				CODE_SIGN_STYLE = Automatic;
				CURRENT_PROJECT_VERSION = 1;
				DEVELOPMENT_ASSET_PATHS = "\"AnimationRotation/Preview Content\"";
				DEVELOPMENT_TEAM = TFV5399V38;
				ENABLE_PREVIEWS = YES;
				GENERATE_INFOPLIST_FILE = YES;
				INFOPLIST_KEY_UIApplicationSceneManifest_Generation = YES;
				INFOPLIST_KEY_UIApplicationSupportsIndirectInputEvents = YES;
				INFOPLIST_KEY_UILaunchScreen_Generation = YES;
				INFOPLIST_KEY_UISupportedInterfaceOrientations_iPad = "UIInterfaceOrientationPortrait UIInterfaceOrientationPortraitUpsideDown UIInterfaceOrientationLandscapeLeft UIInterfaceOrientationLandscapeRight";
				INFOPLIST_KEY_UISupportedInterfaceOrientations_iPhone = "UIInterfaceOrientationPortrait UIInterfaceOrientationLandscapeLeft UIInterfaceOrientationLandscapeRight";
				LD_RUNPATH_SEARCH_PATHS = (
					"$(inherited)",
					"@executable_path/Frameworks",
				);
				MARKETING_VERSION = 1.0;
				PRODUCT_BUNDLE_IDENTIFIER = simgeatlihan.AnimationRotation;
				PRODUCT_NAME = "$(TARGET_NAME)";
				SWIFT_EMIT_LOC_STRINGS = YES;
				SWIFT_VERSION = 5.0;
				TARGETED_DEVICE_FAMILY = "1,2";
			};
			name = Debug;
		};
		60A82C2427B690E600036734 /* Release */ = {
			isa = XCBuildConfiguration;
			buildSettings = {
				ASSETCATALOG_COMPILER_APPICON_NAME = AppIcon;
				ASSETCATALOG_COMPILER_GLOBAL_ACCENT_COLOR_NAME = AccentColor;
				CODE_SIGN_STYLE = Automatic;
				CURRENT_PROJECT_VERSION = 1;
				DEVELOPMENT_ASSET_PATHS = "\"AnimationRotation/Preview Content\"";
				DEVELOPMENT_TEAM = TFV5399V38;
				ENABLE_PREVIEWS = YES;
				GENERATE_INFOPLIST_FILE = YES;
				INFOPLIST_KEY_UIApplicationSceneManifest_Generation = YES;
				INFOPLIST_KEY_UIApplicationSupportsIndirectInputEvents = YES;
				INFOPLIST_KEY_UILaunchScreen_Generation = YES;
				INFOPLIST_KEY_UISupportedInterfaceOrientations_iPad = "UIInterfaceOrientationPortrait UIInterfaceOrientationPortraitUpsideDown UIInterfaceOrientationLandscapeLeft UIInterfaceOrientationLandscapeRight";
				INFOPLIST_KEY_UISupportedInterfaceOrientations_iPhone = "UIInterfaceOrientationPortrait UIInterfaceOrientationLandscapeLeft UIInterfaceOrientationLandscapeRight";
				LD_RUNPATH_SEARCH_PATHS = (
					"$(inherited)",
					"@executable_path/Frameworks",
				);
				MARKETING_VERSION = 1.0;
				PRODUCT_BUNDLE_IDENTIFIER = simgeatlihan.AnimationRotation;
				PRODUCT_NAME = "$(TARGET_NAME)";
				SWIFT_EMIT_LOC_STRINGS = YES;
				SWIFT_VERSION = 5.0;
				TARGETED_DEVICE_FAMILY = "1,2";
			};
			name = Release;
		};
		60A82C2627B690E600036734 /* Debug */ = {
			isa = XCBuildConfiguration;
			buildSettings = {
				ALWAYS_EMBED_SWIFT_STANDARD_LIBRARIES = YES;
				BUNDLE_LOADER = "$(TEST_HOST)";
				CODE_SIGN_STYLE = Automatic;
				CURRENT_PROJECT_VERSION = 1;
				DEVELOPMENT_TEAM = TFV5399V38;
				GENERATE_INFOPLIST_FILE = YES;
				IPHONEOS_DEPLOYMENT_TARGET = 15.2;
				MARKETING_VERSION = 1.0;
				PRODUCT_BUNDLE_IDENTIFIER = simgeatlihan.AnimationRotationTests;
				PRODUCT_NAME = "$(TARGET_NAME)";
				SWIFT_EMIT_LOC_STRINGS = NO;
				SWIFT_VERSION = 5.0;
				TARGETED_DEVICE_FAMILY = "1,2";
				TEST_HOST = "$(BUILT_PRODUCTS_DIR)/AnimationRotation.app/AnimationRotation";
			};
			name = Debug;
		};
		60A82C2727B690E600036734 /* Release */ = {
			isa = XCBuildConfiguration;
			buildSettings = {
				ALWAYS_EMBED_SWIFT_STANDARD_LIBRARIES = YES;
				BUNDLE_LOADER = "$(TEST_HOST)";
				CODE_SIGN_STYLE = Automatic;
				CURRENT_PROJECT_VERSION = 1;
				DEVELOPMENT_TEAM = TFV5399V38;
				GENERATE_INFOPLIST_FILE = YES;
				IPHONEOS_DEPLOYMENT_TARGET = 15.2;
				MARKETING_VERSION = 1.0;
				PRODUCT_BUNDLE_IDENTIFIER = simgeatlihan.AnimationRotationTests;
				PRODUCT_NAME = "$(TARGET_NAME)";
				SWIFT_EMIT_LOC_STRINGS = NO;
				SWIFT_VERSION = 5.0;
				TARGETED_DEVICE_FAMILY = "1,2";
				TEST_HOST = "$(BUILT_PRODUCTS_DIR)/AnimationRotation.app/AnimationRotation";
			};
			name = Release;
		};
		60A82C2927B690E600036734 /* Debug */ = {
			isa = XCBuildConfiguration;
			buildSettings = {
				ALWAYS_EMBED_SWIFT_STANDARD_LIBRARIES = YES;
				CODE_SIGN_STYLE = Automatic;
				CURRENT_PROJECT_VERSION = 1;
				DEVELOPMENT_TEAM = TFV5399V38;
				GENERATE_INFOPLIST_FILE = YES;
				MARKETING_VERSION = 1.0;
				PRODUCT_BUNDLE_IDENTIFIER = simgeatlihan.AnimationRotationUITests;
				PRODUCT_NAME = "$(TARGET_NAME)";
				SWIFT_EMIT_LOC_STRINGS = NO;
				SWIFT_VERSION = 5.0;
				TARGETED_DEVICE_FAMILY = "1,2";
				TEST_TARGET_NAME = AnimationRotation;
			};
			name = Debug;
		};
		60A82C2A27B690E600036734 /* Release */ = {
			isa = XCBuildConfiguration;
			buildSettings = {
				ALWAYS_EMBED_SWIFT_STANDARD_LIBRARIES = YES;
				CODE_SIGN_STYLE = Automatic;
				CURRENT_PROJECT_VERSION = 1;
				DEVELOPMENT_TEAM = TFV5399V38;
				GENERATE_INFOPLIST_FILE = YES;
				MARKETING_VERSION = 1.0;
				PRODUCT_BUNDLE_IDENTIFIER = simgeatlihan.AnimationRotationUITests;
				PRODUCT_NAME = "$(TARGET_NAME)";
				SWIFT_EMIT_LOC_STRINGS = NO;
				SWIFT_VERSION = 5.0;
				TARGETED_DEVICE_FAMILY = "1,2";
				TEST_TARGET_NAME = AnimationRotation;
			};
			name = Release;
		};
/* End XCBuildConfiguration section */

/* Begin XCConfigurationList section */
		60A82BF927B690E600036734 /* Build configuration list for PBXProject "AnimationRotation" */ = {
			isa = XCConfigurationList;
			buildConfigurations = (
				60A82C2027B690E600036734 /* Debug */,
				60A82C2127B690E600036734 /* Release */,
			);
			defaultConfigurationIsVisible = 0;
			defaultConfigurationName = Release;
		};
		60A82C2227B690E600036734 /* Build configuration list for PBXNativeTarget "AnimationRotation" */ = {
			isa = XCConfigurationList;
			buildConfigurations = (
				60A82C2327B690E600036734 /* Debug */,
				60A82C2427B690E600036734 /* Release */,
			);
			defaultConfigurationIsVisible = 0;
			defaultConfigurationName = Release;
		};
		60A82C2527B690E600036734 /* Build configuration list for PBXNativeTarget "AnimationRotationTests" */ = {
			isa = XCConfigurationList;
			buildConfigurations = (
				60A82C2627B690E600036734 /* Debug */,
				60A82C2727B690E600036734 /* Release */,
			);
			defaultConfigurationIsVisible = 0;
			defaultConfigurationName = Release;
		};
		60A82C2827B690E600036734 /* Build configuration list for PBXNativeTarget "AnimationRotationUITests" */ = {
			isa = XCConfigurationList;
			buildConfigurations = (
				60A82C2927B690E600036734 /* Debug */,
				60A82C2A27B690E600036734 /* Release */,
			);
			defaultConfigurationIsVisible = 0;
			defaultConfigurationName = Release;
		};
/* End XCConfigurationList section */
	};
	rootObject = 60A82BF627B690E600036734 /* Project object */;
}
