// !$*UTF8*$!
{
	archiveVersion = 1;
	classes = {
	};
	objectVersion = 55;
	objects = {

/* Begin PBXBuildFile section */
		600B56AE27B6CEA100747122 /* AnimatingGestureApp.swift in Sources */ = {isa = PBXBuildFile; fileRef = 600B56AD27B6CEA100747122 /* AnimatingGestureApp.swift */; };
		600B56B027B6CEA100747122 /* ContentView.swift in Sources */ = {isa = PBXBuildFile; fileRef = 600B56AF27B6CEA100747122 /* ContentView.swift */; };
		600B56B227B6CEA200747122 /* Assets.xcassets in Resources */ = {isa = PBXBuildFile; fileRef = 600B56B127B6CEA200747122 /* Assets.xcassets */; };
		600B56B527B6CEA200747122 /* Preview Assets.xcassets in Resources */ = {isa = PBXBuildFile; fileRef = 600B56B427B6CEA200747122 /* Preview Assets.xcassets */; };
		600B56BF27B6CEA200747122 /* AnimatingGestureTests.swift in Sources */ = {isa = PBXBuildFile; fileRef = 600B56BE27B6CEA200747122 /* AnimatingGestureTests.swift */; };
		600B56C927B6CEA200747122 /* AnimatingGestureUITests.swift in Sources */ = {isa = PBXBuildFile; fileRef = 600B56C827B6CEA200747122 /* AnimatingGestureUITests.swift */; };
		600B56CB27B6CEA200747122 /* AnimatingGestureUITestsLaunchTests.swift in Sources */ = {isa = PBXBuildFile; fileRef = 600B56CA27B6CEA200747122 /* AnimatingGestureUITestsLaunchTests.swift */; };
/* End PBXBuildFile section */

/* Begin PBXContainerItemProxy section */
		600B56BB27B6CEA200747122 /* PBXContainerItemProxy */ = {
			isa = PBXContainerItemProxy;
			containerPortal = 600B56A227B6CEA100747122 /* Project object */;
			proxyType = 1;
			remoteGlobalIDString = 600B56A927B6CEA100747122;
			remoteInfo = AnimatingGesture;
		};
		600B56C527B6CEA200747122 /* PBXContainerItemProxy */ = {
			isa = PBXContainerItemProxy;
			containerPortal = 600B56A227B6CEA100747122 /* Project object */;
			proxyType = 1;
			remoteGlobalIDString = 600B56A927B6CEA100747122;
			remoteInfo = AnimatingGesture;
		};
/* End PBXContainerItemProxy section */

/* Begin PBXFileReference section */
		600B56AA27B6CEA100747122 /* AnimatingGesture.app */ = {isa = PBXFileReference; explicitFileType = wrapper.application; includeInIndex = 0; path = AnimatingGesture.app; sourceTree = BUILT_PRODUCTS_DIR; };
		600B56AD27B6CEA100747122 /* AnimatingGestureApp.swift */ = {isa = PBXFileReference; lastKnownFileType = sourcecode.swift; path = AnimatingGestureApp.swift; sourceTree = "<group>"; };
		600B56AF27B6CEA100747122 /* ContentView.swift */ = {isa = PBXFileReference; lastKnownFileType = sourcecode.swift; path = ContentView.swift; sourceTree = "<group>"; };
		600B56B127B6CEA200747122 /* Assets.xcassets */ = {isa = PBXFileReference; lastKnownFileType = folder.assetcatalog; path = Assets.xcassets; sourceTree = "<group>"; };
		600B56B427B6CEA200747122 /* Preview Assets.xcassets */ = {isa = PBXFileReference; lastKnownFileType = folder.assetcatalog; path = "Preview Assets.xcassets"; sourceTree = "<group>"; };
		600B56BA27B6CEA200747122 /* AnimatingGestureTests.xctest */ = {isa = PBXFileReference; explicitFileType = wrapper.cfbundle; includeInIndex = 0; path = AnimatingGestureTests.xctest; sourceTree = BUILT_PRODUCTS_DIR; };
		600B56BE27B6CEA200747122 /* AnimatingGestureTests.swift */ = {isa = PBXFileReference; lastKnownFileType = sourcecode.swift; path = AnimatingGestureTests.swift; sourceTree = "<group>"; };
		600B56C427B6CEA200747122 /* AnimatingGestureUITests.xctest */ = {isa = PBXFileReference; explicitFileType = wrapper.cfbundle; includeInIndex = 0; path = AnimatingGestureUITests.xctest; sourceTree = BUILT_PRODUCTS_DIR; };
		600B56C827B6CEA200747122 /* AnimatingGestureUITests.swift */ = {isa = PBXFileReference; lastKnownFileType = sourcecode.swift; path = AnimatingGestureUITests.swift; sourceTree = "<group>"; };
		600B56CA27B6CEA200747122 /* AnimatingGestureUITestsLaunchTests.swift */ = {isa = PBXFileReference; lastKnownFileType = sourcecode.swift; path = AnimatingGestureUITestsLaunchTests.swift; sourceTree = "<group>"; };
/* End PBXFileReference section */

/* Begin PBXFrameworksBuildPhase section */
		600B56A727B6CEA100747122 /* Frameworks */ = {
			isa = PBXFrameworksBuildPhase;
			buildActionMask = 2147483647;
			files = (
			);
			runOnlyForDeploymentPostprocessing = 0;
		};
		600B56B727B6CEA200747122 /* Frameworks */ = {
			isa = PBXFrameworksBuildPhase;
			buildActionMask = 2147483647;
			files = (
			);
			runOnlyForDeploymentPostprocessing = 0;
		};
		600B56C127B6CEA200747122 /* Frameworks */ = {
			isa = PBXFrameworksBuildPhase;
			buildActionMask = 2147483647;
			files = (
			);
			runOnlyForDeploymentPostprocessing = 0;
		};
/* End PBXFrameworksBuildPhase section */

/* Begin PBXGroup section */
		600B56A127B6CEA100747122 = {
			isa = PBXGroup;
			children = (
				600B56AC27B6CEA100747122 /* AnimatingGesture */,
				600B56BD27B6CEA200747122 /* AnimatingGestureTests */,
				600B56C727B6CEA200747122 /* AnimatingGestureUITests */,
				600B56AB27B6CEA100747122 /* Products */,
			);
			sourceTree = "<group>";
		};
		600B56AB27B6CEA100747122 /* Products */ = {
			isa = PBXGroup;
			children = (
				600B56AA27B6CEA100747122 /* AnimatingGesture.app */,
				600B56BA27B6CEA200747122 /* AnimatingGestureTests.xctest */,
				600B56C427B6CEA200747122 /* AnimatingGestureUITests.xctest */,
			);
			name = Products;
			sourceTree = "<group>";
		};
		600B56AC27B6CEA100747122 /* AnimatingGesture */ = {
			isa = PBXGroup;
			children = (
				600B56AD27B6CEA100747122 /* AnimatingGestureApp.swift */,
				600B56AF27B6CEA100747122 /* ContentView.swift */,
				600B56B127B6CEA200747122 /* Assets.xcassets */,
				600B56B327B6CEA200747122 /* Preview Content */,
			);
			path = AnimatingGesture;
			sourceTree = "<group>";
		};
		600B56B327B6CEA200747122 /* Preview Content */ = {
			isa = PBXGroup;
			children = (
				600B56B427B6CEA200747122 /* Preview Assets.xcassets */,
			);
			path = "Preview Content";
			sourceTree = "<group>";
		};
		600B56BD27B6CEA200747122 /* AnimatingGestureTests */ = {
			isa = PBXGroup;
			children = (
				600B56BE27B6CEA200747122 /* AnimatingGestureTests.swift */,
			);
			path = AnimatingGestureTests;
			sourceTree = "<group>";
		};
		600B56C727B6CEA200747122 /* AnimatingGestureUITests */ = {
			isa = PBXGroup;
			children = (
				600B56C827B6CEA200747122 /* AnimatingGestureUITests.swift */,
				600B56CA27B6CEA200747122 /* AnimatingGestureUITestsLaunchTests.swift */,
			);
			path = AnimatingGestureUITests;
			sourceTree = "<group>";
		};
/* End PBXGroup section */

/* Begin PBXNativeTarget section */
		600B56A927B6CEA100747122 /* AnimatingGesture */ = {
			isa = PBXNativeTarget;
			buildConfigurationList = 600B56CE27B6CEA200747122 /* Build configuration list for PBXNativeTarget "AnimatingGesture" */;
			buildPhases = (
				600B56A627B6CEA100747122 /* Sources */,
				600B56A727B6CEA100747122 /* Frameworks */,
				600B56A827B6CEA100747122 /* Resources */,
			);
			buildRules = (
			);
			dependencies = (
			);
			name = AnimatingGesture;
			productName = AnimatingGesture;
			productReference = 600B56AA27B6CEA100747122 /* AnimatingGesture.app */;
			productType = "com.apple.product-type.application";
		};
		600B56B927B6CEA200747122 /* AnimatingGestureTests */ = {
			isa = PBXNativeTarget;
			buildConfigurationList = 600B56D127B6CEA200747122 /* Build configuration list for PBXNativeTarget "AnimatingGestureTests" */;
			buildPhases = (
				600B56B627B6CEA200747122 /* Sources */,
				600B56B727B6CEA200747122 /* Frameworks */,
				600B56B827B6CEA200747122 /* Resources */,
			);
			buildRules = (
			);
			dependencies = (
				600B56BC27B6CEA200747122 /* PBXTargetDependency */,
			);
			name = AnimatingGestureTests;
			productName = AnimatingGestureTests;
			productReference = 600B56BA27B6CEA200747122 /* AnimatingGestureTests.xctest */;
			productType = "com.apple.product-type.bundle.unit-test";
		};
		600B56C327B6CEA200747122 /* AnimatingGestureUITests */ = {
			isa = PBXNativeTarget;
			buildConfigurationList = 600B56D427B6CEA200747122 /* Build configuration list for PBXNativeTarget "AnimatingGestureUITests" */;
			buildPhases = (
				600B56C027B6CEA200747122 /* Sources */,
				600B56C127B6CEA200747122 /* Frameworks */,
				600B56C227B6CEA200747122 /* Resources */,
			);
			buildRules = (
			);
			dependencies = (
				600B56C627B6CEA200747122 /* PBXTargetDependency */,
			);
			name = AnimatingGestureUITests;
			productName = AnimatingGestureUITests;
			productReference = 600B56C427B6CEA200747122 /* AnimatingGestureUITests.xctest */;
			productType = "com.apple.product-type.bundle.ui-testing";
		};
/* End PBXNativeTarget section */

/* Begin PBXProject section */
		600B56A227B6CEA100747122 /* Project object */ = {
			isa = PBXProject;
			attributes = {
				BuildIndependentTargetsInParallel = 1;
				LastSwiftUpdateCheck = 1320;
				LastUpgradeCheck = 1320;
				TargetAttributes = {
					600B56A927B6CEA100747122 = {
						CreatedOnToolsVersion = 13.2.1;
					};
					600B56B927B6CEA200747122 = {
						CreatedOnToolsVersion = 13.2.1;
						TestTargetID = 600B56A927B6CEA100747122;
					};
					600B56C327B6CEA200747122 = {
						CreatedOnToolsVersion = 13.2.1;
						TestTargetID = 600B56A927B6CEA100747122;
					};
				};
			};
			buildConfigurationList = 600B56A527B6CEA100747122 /* Build configuration list for PBXProject "AnimatingGesture" */;
			compatibilityVersion = "Xcode 13.0";
			developmentRegion = en;
			hasScannedForEncodings = 0;
			knownRegions = (
				en,
				Base,
			);
			mainGroup = 600B56A127B6CEA100747122;
			productRefGroup = 600B56AB27B6CEA100747122 /* Products */;
			projectDirPath = "";
			projectRoot = "";
			targets = (
				600B56A927B6CEA100747122 /* AnimatingGesture */,
				600B56B927B6CEA200747122 /* AnimatingGestureTests */,
				600B56C327B6CEA200747122 /* AnimatingGestureUITests */,
			);
		};
/* End PBXProject section */

/* Begin PBXResourcesBuildPhase section */
		600B56A827B6CEA100747122 /* Resources */ = {
			isa = PBXResourcesBuildPhase;
			buildActionMask = 2147483647;
			files = (
				600B56B527B6CEA200747122 /* Preview Assets.xcassets in Resources */,
				600B56B227B6CEA200747122 /* Assets.xcassets in Resources */,
			);
			runOnlyForDeploymentPostprocessing = 0;
		};
		600B56B827B6CEA200747122 /* Resources */ = {
			isa = PBXResourcesBuildPhase;
			buildActionMask = 2147483647;
			files = (
			);
			runOnlyForDeploymentPostprocessing = 0;
		};
		600B56C227B6CEA200747122 /* Resources */ = {
			isa = PBXResourcesBuildPhase;
			buildActionMask = 2147483647;
			files = (
			);
			runOnlyForDeploymentPostprocessing = 0;
		};
/* End PBXResourcesBuildPhase section */

/* Begin PBXSourcesBuildPhase section */
		600B56A627B6CEA100747122 /* Sources */ = {
			isa = PBXSourcesBuildPhase;
			buildActionMask = 2147483647;
			files = (
				600B56B027B6CEA100747122 /* ContentView.swift in Sources */,
				600B56AE27B6CEA100747122 /* AnimatingGestureApp.swift in Sources */,
			);
			runOnlyForDeploymentPostprocessing = 0;
		};
		600B56B627B6CEA200747122 /* Sources */ = {
			isa = PBXSourcesBuildPhase;
			buildActionMask = 2147483647;
			files = (
				600B56BF27B6CEA200747122 /* AnimatingGestureTests.swift in Sources */,
			);
			runOnlyForDeploymentPostprocessing = 0;
		};
		600B56C027B6CEA200747122 /* Sources */ = {
			isa = PBXSourcesBuildPhase;
			buildActionMask = 2147483647;
			files = (
				600B56C927B6CEA200747122 /* AnimatingGestureUITests.swift in Sources */,
				600B56CB27B6CEA200747122 /* AnimatingGestureUITestsLaunchTests.swift in Sources */,
			);
			runOnlyForDeploymentPostprocessing = 0;
		};
/* End PBXSourcesBuildPhase section */

/* Begin PBXTargetDependency section */
		600B56BC27B6CEA200747122 /* PBXTargetDependency */ = {
			isa = PBXTargetDependency;
			target = 600B56A927B6CEA100747122 /* AnimatingGesture */;
			targetProxy = 600B56BB27B6CEA200747122 /* PBXContainerItemProxy */;
		};
		600B56C627B6CEA200747122 /* PBXTargetDependency */ = {
			isa = PBXTargetDependency;
			target = 600B56A927B6CEA100747122 /* AnimatingGesture */;
			targetProxy = 600B56C527B6CEA200747122 /* PBXContainerItemProxy */;
		};
/* End PBXTargetDependency section */

/* Begin XCBuildConfiguration section */
		600B56CC27B6CEA200747122 /* Debug */ = {
			isa = XCBuildConfiguration;
			buildSettings = {
				ALWAYS_SEARCH_USER_PATHS = NO;
				CLANG_ANALYZER_NONNULL = YES;
				CLANG_ANALYZER_NUMBER_OBJECT_CONVERSION = YES_AGGRESSIVE;
				CLANG_CXX_LANGUAGE_STANDARD = "gnu++17";
				CLANG_CXX_LIBRARY = "libc++";
				CLANG_ENABLE_MODULES = YES;
				CLANG_ENABLE_OBJC_ARC = YES;
				CLANG_ENABLE_OBJC_WEAK = YES;
				CLANG_WARN_BLOCK_CAPTURE_AUTORELEASING = YES;
				CLANG_WARN_BOOL_CONVERSION = YES;
				CLANG_WARN_COMMA = YES;
				CLANG_WARN_CONSTANT_CONVERSION = YES;
				CLANG_WARN_DEPRECATED_OBJC_IMPLEMENTATIONS = YES;
				CLANG_WARN_DIRECT_OBJC_ISA_USAGE = YES_ERROR;
				CLANG_WARN_DOCUMENTATION_COMMENTS = YES;
				CLANG_WARN_EMPTY_BODY = YES;
				CLANG_WARN_ENUM_CONVERSION = YES;
				CLANG_WARN_INFINITE_RECURSION = YES;
				CLANG_WARN_INT_CONVERSION = YES;
				CLANG_WARN_NON_LITERAL_NULL_CONVERSION = YES;
				CLANG_WARN_OBJC_IMPLICIT_RETAIN_SELF = YES;
				CLANG_WARN_OBJC_LITERAL_CONVERSION = YES;
				CLANG_WARN_OBJC_ROOT_CLASS = YES_ERROR;
				CLANG_WARN_QUOTED_INCLUDE_IN_FRAMEWORK_HEADER = YES;
				CLANG_WARN_RANGE_LOOP_ANALYSIS = YES;
				CLANG_WARN_STRICT_PROTOTYPES = YES;
				CLANG_WARN_SUSPICIOUS_MOVE = YES;
				CLANG_WARN_UNGUARDED_AVAILABILITY = YES_AGGRESSIVE;
				CLANG_WARN_UNREACHABLE_CODE = YES;
				CLANG_WARN__DUPLICATE_METHOD_MATCH = YES;
				COPY_PHASE_STRIP = NO;
				DEBUG_INFORMATION_FORMAT = dwarf;
				ENABLE_STRICT_OBJC_MSGSEND = YES;
				ENABLE_TESTABILITY = YES;
				GCC_C_LANGUAGE_STANDARD = gnu11;
				GCC_DYNAMIC_NO_PIC = NO;
				GCC_NO_COMMON_BLOCKS = YES;
				GCC_OPTIMIZATION_LEVEL = 0;
				GCC_PREPROCESSOR_DEFINITIONS = (
					"DEBUG=1",
					"$(inherited)",
				);
				GCC_WARN_64_TO_32_BIT_CONVERSION = YES;
				GCC_WARN_ABOUT_RETURN_TYPE = YES_ERROR;
				GCC_WARN_UNDECLARED_SELECTOR = YES;
				GCC_WARN_UNINITIALIZED_AUTOS = YES_AGGRESSIVE;
				GCC_WARN_UNUSED_FUNCTION = YES;
				GCC_WARN_UNUSED_VARIABLE = YES;
				IPHONEOS_DEPLOYMENT_TARGET = 15.2;
				MTL_ENABLE_DEBUG_INFO = INCLUDE_SOURCE;
				MTL_FAST_MATH = YES;
				ONLY_ACTIVE_ARCH = YES;
				SDKROOT = iphoneos;
				SWIFT_ACTIVE_COMPILATION_CONDITIONS = DEBUG;
				SWIFT_OPTIMIZATION_LEVEL = "-Onone";
			};
			name = Debug;
		};
		600B56CD27B6CEA200747122 /* Release */ = {
			isa = XCBuildConfiguration;
			buildSettings = {
				ALWAYS_SEARCH_USER_PATHS = NO;
				CLANG_ANALYZER_NONNULL = YES;
				CLANG_ANALYZER_NUMBER_OBJECT_CONVERSION = YES_AGGRESSIVE;
				CLANG_CXX_LANGUAGE_STANDARD = "gnu++17";
				CLANG_CXX_LIBRARY = "libc++";
				CLANG_ENABLE_MODULES = YES;
				CLANG_ENABLE_OBJC_ARC = YES;
				CLANG_ENABLE_OBJC_WEAK = YES;
				CLANG_WARN_BLOCK_CAPTURE_AUTORELEASING = YES;
				CLANG_WARN_BOOL_CONVERSION = YES;
				CLANG_WARN_COMMA = YES;
				CLANG_WARN_CONSTANT_CONVERSION = YES;
				CLANG_WARN_DEPRECATED_OBJC_IMPLEMENTATIONS = YES;
				CLANG_WARN_DIRECT_OBJC_ISA_USAGE = YES_ERROR;
				CLANG_WARN_DOCUMENTATION_COMMENTS = YES;
				CLANG_WARN_EMPTY_BODY = YES;
				CLANG_WARN_ENUM_CONVERSION = YES;
				CLANG_WARN_INFINITE_RECURSION = YES;
				CLANG_WARN_INT_CONVERSION = YES;
				CLANG_WARN_NON_LITERAL_NULL_CONVERSION = YES;
				CLANG_WARN_OBJC_IMPLICIT_RETAIN_SELF = YES;
				CLANG_WARN_OBJC_LITERAL_CONVERSION = YES;
				CLANG_WARN_OBJC_ROOT_CLASS = YES_ERROR;
				CLANG_WARN_QUOTED_INCLUDE_IN_FRAMEWORK_HEADER = YES;
				CLANG_WARN_RANGE_LOOP_ANALYSIS = YES;
				CLANG_WARN_STRICT_PROTOTYPES = YES;
				CLANG_WARN_SUSPICIOUS_MOVE = YES;
				CLANG_WARN_UNGUARDED_AVAILABILITY = YES_AGGRESSIVE;
				CLANG_WARN_UNREACHABLE_CODE = YES;
				CLANG_WARN__DUPLICATE_METHOD_MATCH = YES;
				COPY_PHASE_STRIP = NO;
				DEBUG_INFORMATION_FORMAT = "dwarf-with-dsym";
				ENABLE_NS_ASSERTIONS = NO;
				ENABLE_STRICT_OBJC_MSGSEND = YES;
				GCC_C_LANGUAGE_STANDARD = gnu11;
				GCC_NO_COMMON_BLOCKS = YES;
				GCC_WARN_64_TO_32_BIT_CONVERSION = YES;
				GCC_WARN_ABOUT_RETURN_TYPE = YES_ERROR;
				GCC_WARN_UNDECLARED_SELECTOR = YES;
				GCC_WARN_UNINITIALIZED_AUTOS = YES_AGGRESSIVE;
				GCC_WARN_UNUSED_FUNCTION = YES;
				GCC_WARN_UNUSED_VARIABLE = YES;
				IPHONEOS_DEPLOYMENT_TARGET = 15.2;
				MTL_ENABLE_DEBUG_INFO = NO;
				MTL_FAST_MATH = YES;
				SDKROOT = iphoneos;
				SWIFT_COMPILATION_MODE = wholemodule;
				SWIFT_OPTIMIZATION_LEVEL = "-O";
				VALIDATE_PRODUCT = YES;
			};
			name = Release;
		};
		600B56CF27B6CEA200747122 /* Debug */ = {
			isa = XCBuildConfiguration;
			buildSettings = {
				ASSETCATALOG_COMPILER_APPICON_NAME = AppIcon;
				ASSETCATALOG_COMPILER_GLOBAL_ACCENT_COLOR_NAME = AccentColor;
				CODE_SIGN_STYLE = Automatic;
				CURRENT_PROJECT_VERSION = 1;
				DEVELOPMENT_ASSET_PATHS = "\"AnimatingGesture/Preview Content\"";
				DEVELOPMENT_TEAM = TFV5399V38;
				ENABLE_PREVIEWS = YES;
				GENERATE_INFOPLIST_FILE = YES;
				INFOPLIST_KEY_UIApplicationSceneManifest_Generation = YES;
				INFOPLIST_KEY_UIApplicationSupportsIndirectInputEvents = YES;
				INFOPLIST_KEY_UILaunchScreen_Generation = YES;
				INFOPLIST_KEY_UISupportedInterfaceOrientations_iPad = "UIInterfaceOrientationPortrait UIInterfaceOrientationPortraitUpsideDown UIInterfaceOrientationLandscapeLeft UIInterfaceOrientationLandscapeRight";
				INFOPLIST_KEY_UISupportedInterfaceOrientations_iPhone = "UIInterfaceOrientationPortrait UIInterfaceOrientationLandscapeLeft UIInterfaceOrientationLandscapeRight";
				LD_RUNPATH_SEARCH_PATHS = (
					"$(inherited)",
					"@executable_path/Frameworks",
				);
				MARKETING_VERSION = 1.0;
				PRODUCT_BUNDLE_IDENTIFIER = simgeatlihan.AnimatingGesture;
				PRODUCT_NAME = "$(TARGET_NAME)";
				SWIFT_EMIT_LOC_STRINGS = YES;
				SWIFT_VERSION = 5.0;
				TARGETED_DEVICE_FAMILY = "1,2";
			};
			name = Debug;
		};
		600B56D027B6CEA200747122 /* Release */ = {
			isa = XCBuildConfiguration;
			buildSettings = {
				ASSETCATALOG_COMPILER_APPICON_NAME = AppIcon;
				ASSETCATALOG_COMPILER_GLOBAL_ACCENT_COLOR_NAME = AccentColor;
				CODE_SIGN_STYLE = Automatic;
				CURRENT_PROJECT_VERSION = 1;
				DEVELOPMENT_ASSET_PATHS = "\"AnimatingGesture/Preview Content\"";
				DEVELOPMENT_TEAM = TFV5399V38;
				ENABLE_PREVIEWS = YES;
				GENERATE_INFOPLIST_FILE = YES;
				INFOPLIST_KEY_UIApplicationSceneManifest_Generation = YES;
				INFOPLIST_KEY_UIApplicationSupportsIndirectInputEvents = YES;
				INFOPLIST_KEY_UILaunchScreen_Generation = YES;
				INFOPLIST_KEY_UISupportedInterfaceOrientations_iPad = "UIInterfaceOrientationPortrait UIInterfaceOrientationPortraitUpsideDown UIInterfaceOrientationLandscapeLeft UIInterfaceOrientationLandscapeRight";
				INFOPLIST_KEY_UISupportedInterfaceOrientations_iPhone = "UIInterfaceOrientationPortrait UIInterfaceOrientationLandscapeLeft UIInterfaceOrientationLandscapeRight";
				LD_RUNPATH_SEARCH_PATHS = (
					"$(inherited)",
					"@executable_path/Frameworks",
				);
				MARKETING_VERSION = 1.0;
				PRODUCT_BUNDLE_IDENTIFIER = simgeatlihan.AnimatingGesture;
				PRODUCT_NAME = "$(TARGET_NAME)";
				SWIFT_EMIT_LOC_STRINGS = YES;
				SWIFT_VERSION = 5.0;
				TARGETED_DEVICE_FAMILY = "1,2";
			};
			name = Release;
		};
		600B56D227B6CEA200747122 /* Debug */ = {
			isa = XCBuildConfiguration;
			buildSettings = {
				ALWAYS_EMBED_SWIFT_STANDARD_LIBRARIES = YES;
				BUNDLE_LOADER = "$(TEST_HOST)";
				CODE_SIGN_STYLE = Automatic;
				CURRENT_PROJECT_VERSION = 1;
				DEVELOPMENT_TEAM = TFV5399V38;
				GENERATE_INFOPLIST_FILE = YES;
				IPHONEOS_DEPLOYMENT_TARGET = 15.2;
				MARKETING_VERSION = 1.0;
				PRODUCT_BUNDLE_IDENTIFIER = simgeatlihan.AnimatingGestureTests;
				PRODUCT_NAME = "$(TARGET_NAME)";
				SWIFT_EMIT_LOC_STRINGS = NO;
				SWIFT_VERSION = 5.0;
				TARGETED_DEVICE_FAMILY = "1,2";
				TEST_HOST = "$(BUILT_PRODUCTS_DIR)/AnimatingGesture.app/AnimatingGesture";
			};
			name = Debug;
		};
		600B56D327B6CEA200747122 /* Release */ = {
			isa = XCBuildConfiguration;
			buildSettings = {
				ALWAYS_EMBED_SWIFT_STANDARD_LIBRARIES = YES;
				BUNDLE_LOADER = "$(TEST_HOST)";
				CODE_SIGN_STYLE = Automatic;
				CURRENT_PROJECT_VERSION = 1;
				DEVELOPMENT_TEAM = TFV5399V38;
				GENERATE_INFOPLIST_FILE = YES;
				IPHONEOS_DEPLOYMENT_TARGET = 15.2;
				MARKETING_VERSION = 1.0;
				PRODUCT_BUNDLE_IDENTIFIER = simgeatlihan.AnimatingGestureTests;
				PRODUCT_NAME = "$(TARGET_NAME)";
				SWIFT_EMIT_LOC_STRINGS = NO;
				SWIFT_VERSION = 5.0;
				TARGETED_DEVICE_FAMILY = "1,2";
				TEST_HOST = "$(BUILT_PRODUCTS_DIR)/AnimatingGesture.app/AnimatingGesture";
			};
			name = Release;
		};
		600B56D527B6CEA200747122 /* Debug */ = {
			isa = XCBuildConfiguration;
			buildSettings = {
				ALWAYS_EMBED_SWIFT_STANDARD_LIBRARIES = YES;
				CODE_SIGN_STYLE = Automatic;
				CURRENT_PROJECT_VERSION = 1;
				DEVELOPMENT_TEAM = TFV5399V38;
				GENERATE_INFOPLIST_FILE = YES;
				MARKETING_VERSION = 1.0;
				PRODUCT_BUNDLE_IDENTIFIER = simgeatlihan.AnimatingGestureUITests;
				PRODUCT_NAME = "$(TARGET_NAME)";
				SWIFT_EMIT_LOC_STRINGS = NO;
				SWIFT_VERSION = 5.0;
				TARGETED_DEVICE_FAMILY = "1,2";
				TEST_TARGET_NAME = AnimatingGesture;
			};
			name = Debug;
		};
		600B56D627B6CEA200747122 /* Release */ = {
			isa = XCBuildConfiguration;
			buildSettings = {
				ALWAYS_EMBED_SWIFT_STANDARD_LIBRARIES = YES;
				CODE_SIGN_STYLE = Automatic;
				CURRENT_PROJECT_VERSION = 1;
				DEVELOPMENT_TEAM = TFV5399V38;
				GENERATE_INFOPLIST_FILE = YES;
				MARKETING_VERSION = 1.0;
				PRODUCT_BUNDLE_IDENTIFIER = simgeatlihan.AnimatingGestureUITests;
				PRODUCT_NAME = "$(TARGET_NAME)";
				SWIFT_EMIT_LOC_STRINGS = NO;
				SWIFT_VERSION = 5.0;
				TARGETED_DEVICE_FAMILY = "1,2";
				TEST_TARGET_NAME = AnimatingGesture;
			};
			name = Release;
		};
/* End XCBuildConfiguration section */

/* Begin XCConfigurationList section */
		600B56A527B6CEA100747122 /* Build configuration list for PBXProject "AnimatingGesture" */ = {
			isa = XCConfigurationList;
			buildConfigurations = (
				600B56CC27B6CEA200747122 /* Debug */,
				600B56CD27B6CEA200747122 /* Release */,
			);
			defaultConfigurationIsVisible = 0;
			defaultConfigurationName = Release;
		};
		600B56CE27B6CEA200747122 /* Build configuration list for PBXNativeTarget "AnimatingGesture" */ = {
			isa = XCConfigurationList;
			buildConfigurations = (
				600B56CF27B6CEA200747122 /* Debug */,
				600B56D027B6CEA200747122 /* Release */,
			);
			defaultConfigurationIsVisible = 0;
			defaultConfigurationName = Release;
		};
		600B56D127B6CEA200747122 /* Build configuration list for PBXNativeTarget "AnimatingGestureTests" */ = {
			isa = XCConfigurationList;
			buildConfigurations = (
				600B56D227B6CEA200747122 /* Debug */,
				600B56D327B6CEA200747122 /* Release */,
			);
			defaultConfigurationIsVisible = 0;
			defaultConfigurationName = Release;
		};
		600B56D427B6CEA200747122 /* Build configuration list for PBXNativeTarget "AnimatingGestureUITests" */ = {
			isa = XCConfigurationList;
			buildConfigurations = (
				600B56D527B6CEA200747122 /* Debug */,
				600B56D627B6CEA200747122 /* Release */,
			);
			defaultConfigurationIsVisible = 0;
			defaultConfigurationName = Release;
		};
/* End XCConfigurationList section */
	};
	rootObject = 600B56A227B6CEA100747122 /* Project object */;
}
