// !$*UTF8*$!
{
	archiveVersion = 1;
	classes = {
	};
	objectVersion = 55;
	objects = {

/* Begin PBXBuildFile section */
		607A6F7127B2D3810030B6E0 /* RockPaperScissorsGameApp.swift in Sources */ = {isa = PBXBuildFile; fileRef = 607A6F7027B2D3810030B6E0 /* RockPaperScissorsGameApp.swift */; };
		607A6F7327B2D3810030B6E0 /* ContentView.swift in Sources */ = {isa = PBXBuildFile; fileRef = 607A6F7227B2D3810030B6E0 /* ContentView.swift */; };
		607A6F7527B2D3820030B6E0 /* Assets.xcassets in Resources */ = {isa = PBXBuildFile; fileRef = 607A6F7427B2D3820030B6E0 /* Assets.xcassets */; };
		607A6F7827B2D3820030B6E0 /* Preview Assets.xcassets in Resources */ = {isa = PBXBuildFile; fileRef = 607A6F7727B2D3820030B6E0 /* Preview Assets.xcassets */; };
		607A6F8227B2D3820030B6E0 /* RockPaperScissorsGameTests.swift in Sources */ = {isa = PBXBuildFile; fileRef = 607A6F8127B2D3820030B6E0 /* RockPaperScissorsGameTests.swift */; };
		607A6F8C27B2D3820030B6E0 /* RockPaperScissorsGameUITests.swift in Sources */ = {isa = PBXBuildFile; fileRef = 607A6F8B27B2D3820030B6E0 /* RockPaperScissorsGameUITests.swift */; };
		607A6F8E27B2D3820030B6E0 /* RockPaperScissorsGameUITestsLaunchTests.swift in Sources */ = {isa = PBXBuildFile; fileRef = 607A6F8D27B2D3820030B6E0 /* RockPaperScissorsGameUITestsLaunchTests.swift */; };
/* End PBXBuildFile section */

/* Begin PBXContainerItemProxy section */
		607A6F7E27B2D3820030B6E0 /* PBXContainerItemProxy */ = {
			isa = PBXContainerItemProxy;
			containerPortal = 607A6F6527B2D3810030B6E0 /* Project object */;
			proxyType = 1;
			remoteGlobalIDString = 607A6F6C27B2D3810030B6E0;
			remoteInfo = RockPaperScissorsGame;
		};
		607A6F8827B2D3820030B6E0 /* PBXContainerItemProxy */ = {
			isa = PBXContainerItemProxy;
			containerPortal = 607A6F6527B2D3810030B6E0 /* Project object */;
			proxyType = 1;
			remoteGlobalIDString = 607A6F6C27B2D3810030B6E0;
			remoteInfo = RockPaperScissorsGame;
		};
/* End PBXContainerItemProxy section */

/* Begin PBXFileReference section */
		607A6F6D27B2D3810030B6E0 /* RockPaperScissorsGame.app */ = {isa = PBXFileReference; explicitFileType = wrapper.application; includeInIndex = 0; path = RockPaperScissorsGame.app; sourceTree = BUILT_PRODUCTS_DIR; };
		607A6F7027B2D3810030B6E0 /* RockPaperScissorsGameApp.swift */ = {isa = PBXFileReference; lastKnownFileType = sourcecode.swift; path = RockPaperScissorsGameApp.swift; sourceTree = "<group>"; };
		607A6F7227B2D3810030B6E0 /* ContentView.swift */ = {isa = PBXFileReference; lastKnownFileType = sourcecode.swift; path = ContentView.swift; sourceTree = "<group>"; };
		607A6F7427B2D3820030B6E0 /* Assets.xcassets */ = {isa = PBXFileReference; lastKnownFileType = folder.assetcatalog; path = Assets.xcassets; sourceTree = "<group>"; };
		607A6F7727B2D3820030B6E0 /* Preview Assets.xcassets */ = {isa = PBXFileReference; lastKnownFileType = folder.assetcatalog; path = "Preview Assets.xcassets"; sourceTree = "<group>"; };
		607A6F7D27B2D3820030B6E0 /* RockPaperScissorsGameTests.xctest */ = {isa = PBXFileReference; explicitFileType = wrapper.cfbundle; includeInIndex = 0; path = RockPaperScissorsGameTests.xctest; sourceTree = BUILT_PRODUCTS_DIR; };
		607A6F8127B2D3820030B6E0 /* RockPaperScissorsGameTests.swift */ = {isa = PBXFileReference; lastKnownFileType = sourcecode.swift; path = RockPaperScissorsGameTests.swift; sourceTree = "<group>"; };
		607A6F8727B2D3820030B6E0 /* RockPaperScissorsGameUITests.xctest */ = {isa = PBXFileReference; explicitFileType = wrapper.cfbundle; includeInIndex = 0; path = RockPaperScissorsGameUITests.xctest; sourceTree = BUILT_PRODUCTS_DIR; };
		607A6F8B27B2D3820030B6E0 /* RockPaperScissorsGameUITests.swift */ = {isa = PBXFileReference; lastKnownFileType = sourcecode.swift; path = RockPaperScissorsGameUITests.swift; sourceTree = "<group>"; };
		607A6F8D27B2D3820030B6E0 /* RockPaperScissorsGameUITestsLaunchTests.swift */ = {isa = PBXFileReference; lastKnownFileType = sourcecode.swift; path = RockPaperScissorsGameUITestsLaunchTests.swift; sourceTree = "<group>"; };
/* End PBXFileReference section */

/* Begin PBXFrameworksBuildPhase section */
		607A6F6A27B2D3810030B6E0 /* Frameworks */ = {
			isa = PBXFrameworksBuildPhase;
			buildActionMask = 2147483647;
			files = (
			);
			runOnlyForDeploymentPostprocessing = 0;
		};
		607A6F7A27B2D3820030B6E0 /* Frameworks */ = {
			isa = PBXFrameworksBuildPhase;
			buildActionMask = 2147483647;
			files = (
			);
			runOnlyForDeploymentPostprocessing = 0;
		};
		607A6F8427B2D3820030B6E0 /* Frameworks */ = {
			isa = PBXFrameworksBuildPhase;
			buildActionMask = 2147483647;
			files = (
			);
			runOnlyForDeploymentPostprocessing = 0;
		};
/* End PBXFrameworksBuildPhase section */

/* Begin PBXGroup section */
		607A6F6427B2D3810030B6E0 = {
			isa = PBXGroup;
			children = (
				607A6F6F27B2D3810030B6E0 /* RockPaperScissorsGame */,
				607A6F8027B2D3820030B6E0 /* RockPaperScissorsGameTests */,
				607A6F8A27B2D3820030B6E0 /* RockPaperScissorsGameUITests */,
				607A6F6E27B2D3810030B6E0 /* Products */,
			);
			sourceTree = "<group>";
		};
		607A6F6E27B2D3810030B6E0 /* Products */ = {
			isa = PBXGroup;
			children = (
				607A6F6D27B2D3810030B6E0 /* RockPaperScissorsGame.app */,
				607A6F7D27B2D3820030B6E0 /* RockPaperScissorsGameTests.xctest */,
				607A6F8727B2D3820030B6E0 /* RockPaperScissorsGameUITests.xctest */,
			);
			name = Products;
			sourceTree = "<group>";
		};
		607A6F6F27B2D3810030B6E0 /* RockPaperScissorsGame */ = {
			isa = PBXGroup;
			children = (
				607A6F7027B2D3810030B6E0 /* RockPaperScissorsGameApp.swift */,
				607A6F7227B2D3810030B6E0 /* ContentView.swift */,
				607A6F7627B2D3820030B6E0 /* Preview Content */,
				607A6F7427B2D3820030B6E0 /* Assets.xcassets */,
			);
			path = RockPaperScissorsGame;
			sourceTree = "<group>";
		};
		607A6F7627B2D3820030B6E0 /* Preview Content */ = {
			isa = PBXGroup;
			children = (
				607A6F7727B2D3820030B6E0 /* Preview Assets.xcassets */,
			);
			path = "Preview Content";
			sourceTree = "<group>";
		};
		607A6F8027B2D3820030B6E0 /* RockPaperScissorsGameTests */ = {
			isa = PBXGroup;
			children = (
				607A6F8127B2D3820030B6E0 /* RockPaperScissorsGameTests.swift */,
			);
			path = RockPaperScissorsGameTests;
			sourceTree = "<group>";
		};
		607A6F8A27B2D3820030B6E0 /* RockPaperScissorsGameUITests */ = {
			isa = PBXGroup;
			children = (
				607A6F8B27B2D3820030B6E0 /* RockPaperScissorsGameUITests.swift */,
				607A6F8D27B2D3820030B6E0 /* RockPaperScissorsGameUITestsLaunchTests.swift */,
			);
			path = RockPaperScissorsGameUITests;
			sourceTree = "<group>";
		};
/* End PBXGroup section */

/* Begin PBXNativeTarget section */
		607A6F6C27B2D3810030B6E0 /* RockPaperScissorsGame */ = {
			isa = PBXNativeTarget;
			buildConfigurationList = 607A6F9127B2D3820030B6E0 /* Build configuration list for PBXNativeTarget "RockPaperScissorsGame" */;
			buildPhases = (
				607A6F6927B2D3810030B6E0 /* Sources */,
				607A6F6A27B2D3810030B6E0 /* Frameworks */,
				607A6F6B27B2D3810030B6E0 /* Resources */,
			);
			buildRules = (
			);
			dependencies = (
			);
			name = RockPaperScissorsGame;
			productName = RockPaperScissorsGame;
			productReference = 607A6F6D27B2D3810030B6E0 /* RockPaperScissorsGame.app */;
			productType = "com.apple.product-type.application";
		};
		607A6F7C27B2D3820030B6E0 /* RockPaperScissorsGameTests */ = {
			isa = PBXNativeTarget;
			buildConfigurationList = 607A6F9427B2D3820030B6E0 /* Build configuration list for PBXNativeTarget "RockPaperScissorsGameTests" */;
			buildPhases = (
				607A6F7927B2D3820030B6E0 /* Sources */,
				607A6F7A27B2D3820030B6E0 /* Frameworks */,
				607A6F7B27B2D3820030B6E0 /* Resources */,
			);
			buildRules = (
			);
			dependencies = (
				607A6F7F27B2D3820030B6E0 /* PBXTargetDependency */,
			);
			name = RockPaperScissorsGameTests;
			productName = RockPaperScissorsGameTests;
			productReference = 607A6F7D27B2D3820030B6E0 /* RockPaperScissorsGameTests.xctest */;
			productType = "com.apple.product-type.bundle.unit-test";
		};
		607A6F8627B2D3820030B6E0 /* RockPaperScissorsGameUITests */ = {
			isa = PBXNativeTarget;
			buildConfigurationList = 607A6F9727B2D3820030B6E0 /* Build configuration list for PBXNativeTarget "RockPaperScissorsGameUITests" */;
			buildPhases = (
				607A6F8327B2D3820030B6E0 /* Sources */,
				607A6F8427B2D3820030B6E0 /* Frameworks */,
				607A6F8527B2D3820030B6E0 /* Resources */,
			);
			buildRules = (
			);
			dependencies = (
				607A6F8927B2D3820030B6E0 /* PBXTargetDependency */,
			);
			name = RockPaperScissorsGameUITests;
			productName = RockPaperScissorsGameUITests;
			productReference = 607A6F8727B2D3820030B6E0 /* RockPaperScissorsGameUITests.xctest */;
			productType = "com.apple.product-type.bundle.ui-testing";
		};
/* End PBXNativeTarget section */

/* Begin PBXProject section */
		607A6F6527B2D3810030B6E0 /* Project object */ = {
			isa = PBXProject;
			attributes = {
				BuildIndependentTargetsInParallel = 1;
				LastSwiftUpdateCheck = 1320;
				LastUpgradeCheck = 1320;
				TargetAttributes = {
					607A6F6C27B2D3810030B6E0 = {
						CreatedOnToolsVersion = 13.2.1;
					};
					607A6F7C27B2D3820030B6E0 = {
						CreatedOnToolsVersion = 13.2.1;
						TestTargetID = 607A6F6C27B2D3810030B6E0;
					};
					607A6F8627B2D3820030B6E0 = {
						CreatedOnToolsVersion = 13.2.1;
						TestTargetID = 607A6F6C27B2D3810030B6E0;
					};
				};
			};
			buildConfigurationList = 607A6F6827B2D3810030B6E0 /* Build configuration list for PBXProject "RockPaperScissorsGame" */;
			compatibilityVersion = "Xcode 13.0";
			developmentRegion = en;
			hasScannedForEncodings = 0;
			knownRegions = (
				en,
				Base,
			);
			mainGroup = 607A6F6427B2D3810030B6E0;
			productRefGroup = 607A6F6E27B2D3810030B6E0 /* Products */;
			projectDirPath = "";
			projectRoot = "";
			targets = (
				607A6F6C27B2D3810030B6E0 /* RockPaperScissorsGame */,
				607A6F7C27B2D3820030B6E0 /* RockPaperScissorsGameTests */,
				607A6F8627B2D3820030B6E0 /* RockPaperScissorsGameUITests */,
			);
		};
/* End PBXProject section */

/* Begin PBXResourcesBuildPhase section */
		607A6F6B27B2D3810030B6E0 /* Resources */ = {
			isa = PBXResourcesBuildPhase;
			buildActionMask = 2147483647;
			files = (
				607A6F7827B2D3820030B6E0 /* Preview Assets.xcassets in Resources */,
				607A6F7527B2D3820030B6E0 /* Assets.xcassets in Resources */,
			);
			runOnlyForDeploymentPostprocessing = 0;
		};
		607A6F7B27B2D3820030B6E0 /* Resources */ = {
			isa = PBXResourcesBuildPhase;
			buildActionMask = 2147483647;
			files = (
			);
			runOnlyForDeploymentPostprocessing = 0;
		};
		607A6F8527B2D3820030B6E0 /* Resources */ = {
			isa = PBXResourcesBuildPhase;
			buildActionMask = 2147483647;
			files = (
			);
			runOnlyForDeploymentPostprocessing = 0;
		};
/* End PBXResourcesBuildPhase section */

/* Begin PBXSourcesBuildPhase section */
		607A6F6927B2D3810030B6E0 /* Sources */ = {
			isa = PBXSourcesBuildPhase;
			buildActionMask = 2147483647;
			files = (
				607A6F7327B2D3810030B6E0 /* ContentView.swift in Sources */,
				607A6F7127B2D3810030B6E0 /* RockPaperScissorsGameApp.swift in Sources */,
			);
			runOnlyForDeploymentPostprocessing = 0;
		};
		607A6F7927B2D3820030B6E0 /* Sources */ = {
			isa = PBXSourcesBuildPhase;
			buildActionMask = 2147483647;
			files = (
				607A6F8227B2D3820030B6E0 /* RockPaperScissorsGameTests.swift in Sources */,
			);
			runOnlyForDeploymentPostprocessing = 0;
		};
		607A6F8327B2D3820030B6E0 /* Sources */ = {
			isa = PBXSourcesBuildPhase;
			buildActionMask = 2147483647;
			files = (
				607A6F8C27B2D3820030B6E0 /* RockPaperScissorsGameUITests.swift in Sources */,
				607A6F8E27B2D3820030B6E0 /* RockPaperScissorsGameUITestsLaunchTests.swift in Sources */,
			);
			runOnlyForDeploymentPostprocessing = 0;
		};
/* End PBXSourcesBuildPhase section */

/* Begin PBXTargetDependency section */
		607A6F7F27B2D3820030B6E0 /* PBXTargetDependency */ = {
			isa = PBXTargetDependency;
			target = 607A6F6C27B2D3810030B6E0 /* RockPaperScissorsGame */;
			targetProxy = 607A6F7E27B2D3820030B6E0 /* PBXContainerItemProxy */;
		};
		607A6F8927B2D3820030B6E0 /* PBXTargetDependency */ = {
			isa = PBXTargetDependency;
			target = 607A6F6C27B2D3810030B6E0 /* RockPaperScissorsGame */;
			targetProxy = 607A6F8827B2D3820030B6E0 /* PBXContainerItemProxy */;
		};
/* End PBXTargetDependency section */

/* Begin XCBuildConfiguration section */
		607A6F8F27B2D3820030B6E0 /* Debug */ = {
			isa = XCBuildConfiguration;
			buildSettings = {
				ALWAYS_SEARCH_USER_PATHS = NO;
				CLANG_ANALYZER_NONNULL = YES;
				CLANG_ANALYZER_NUMBER_OBJECT_CONVERSION = YES_AGGRESSIVE;
				CLANG_CXX_LANGUAGE_STANDARD = "gnu++17";
				CLANG_CXX_LIBRARY = "libc++";
				CLANG_ENABLE_MODULES = YES;
				CLANG_ENABLE_OBJC_ARC = YES;
				CLANG_ENABLE_OBJC_WEAK = YES;
				CLANG_WARN_BLOCK_CAPTURE_AUTORELEASING = YES;
				CLANG_WARN_BOOL_CONVERSION = YES;
				CLANG_WARN_COMMA = YES;
				CLANG_WARN_CONSTANT_CONVERSION = YES;
				CLANG_WARN_DEPRECATED_OBJC_IMPLEMENTATIONS = YES;
				CLANG_WARN_DIRECT_OBJC_ISA_USAGE = YES_ERROR;
				CLANG_WARN_DOCUMENTATION_COMMENTS = YES;
				CLANG_WARN_EMPTY_BODY = YES;
				CLANG_WARN_ENUM_CONVERSION = YES;
				CLANG_WARN_INFINITE_RECURSION = YES;
				CLANG_WARN_INT_CONVERSION = YES;
				CLANG_WARN_NON_LITERAL_NULL_CONVERSION = YES;
				CLANG_WARN_OBJC_IMPLICIT_RETAIN_SELF = YES;
				CLANG_WARN_OBJC_LITERAL_CONVERSION = YES;
				CLANG_WARN_OBJC_ROOT_CLASS = YES_ERROR;
				CLANG_WARN_QUOTED_INCLUDE_IN_FRAMEWORK_HEADER = YES;
				CLANG_WARN_RANGE_LOOP_ANALYSIS = YES;
				CLANG_WARN_STRICT_PROTOTYPES = YES;
				CLANG_WARN_SUSPICIOUS_MOVE = YES;
				CLANG_WARN_UNGUARDED_AVAILABILITY = YES_AGGRESSIVE;
				CLANG_WARN_UNREACHABLE_CODE = YES;
				CLANG_WARN__DUPLICATE_METHOD_MATCH = YES;
				COPY_PHASE_STRIP = NO;
				DEBUG_INFORMATION_FORMAT = dwarf;
				ENABLE_STRICT_OBJC_MSGSEND = YES;
				ENABLE_TESTABILITY = YES;
				GCC_C_LANGUAGE_STANDARD = gnu11;
				GCC_DYNAMIC_NO_PIC = NO;
				GCC_NO_COMMON_BLOCKS = YES;
				GCC_OPTIMIZATION_LEVEL = 0;
				GCC_PREPROCESSOR_DEFINITIONS = (
					"DEBUG=1",
					"$(inherited)",
				);
				GCC_WARN_64_TO_32_BIT_CONVERSION = YES;
				GCC_WARN_ABOUT_RETURN_TYPE = YES_ERROR;
				GCC_WARN_UNDECLARED_SELECTOR = YES;
				GCC_WARN_UNINITIALIZED_AUTOS = YES_AGGRESSIVE;
				GCC_WARN_UNUSED_FUNCTION = YES;
				GCC_WARN_UNUSED_VARIABLE = YES;
				IPHONEOS_DEPLOYMENT_TARGET = 15.2;
				MTL_ENABLE_DEBUG_INFO = INCLUDE_SOURCE;
				MTL_FAST_MATH = YES;
				ONLY_ACTIVE_ARCH = YES;
				SDKROOT = iphoneos;
				SWIFT_ACTIVE_COMPILATION_CONDITIONS = DEBUG;
				SWIFT_OPTIMIZATION_LEVEL = "-Onone";
			};
			name = Debug;
		};
		607A6F9027B2D3820030B6E0 /* Release */ = {
			isa = XCBuildConfiguration;
			buildSettings = {
				ALWAYS_SEARCH_USER_PATHS = NO;
				CLANG_ANALYZER_NONNULL = YES;
				CLANG_ANALYZER_NUMBER_OBJECT_CONVERSION = YES_AGGRESSIVE;
				CLANG_CXX_LANGUAGE_STANDARD = "gnu++17";
				CLANG_CXX_LIBRARY = "libc++";
				CLANG_ENABLE_MODULES = YES;
				CLANG_ENABLE_OBJC_ARC = YES;
				CLANG_ENABLE_OBJC_WEAK = YES;
				CLANG_WARN_BLOCK_CAPTURE_AUTORELEASING = YES;
				CLANG_WARN_BOOL_CONVERSION = YES;
				CLANG_WARN_COMMA = YES;
				CLANG_WARN_CONSTANT_CONVERSION = YES;
				CLANG_WARN_DEPRECATED_OBJC_IMPLEMENTATIONS = YES;
				CLANG_WARN_DIRECT_OBJC_ISA_USAGE = YES_ERROR;
				CLANG_WARN_DOCUMENTATION_COMMENTS = YES;
				CLANG_WARN_EMPTY_BODY = YES;
				CLANG_WARN_ENUM_CONVERSION = YES;
				CLANG_WARN_INFINITE_RECURSION = YES;
				CLANG_WARN_INT_CONVERSION = YES;
				CLANG_WARN_NON_LITERAL_NULL_CONVERSION = YES;
				CLANG_WARN_OBJC_IMPLICIT_RETAIN_SELF = YES;
				CLANG_WARN_OBJC_LITERAL_CONVERSION = YES;
				CLANG_WARN_OBJC_ROOT_CLASS = YES_ERROR;
				CLANG_WARN_QUOTED_INCLUDE_IN_FRAMEWORK_HEADER = YES;
				CLANG_WARN_RANGE_LOOP_ANALYSIS = YES;
				CLANG_WARN_STRICT_PROTOTYPES = YES;
				CLANG_WARN_SUSPICIOUS_MOVE = YES;
				CLANG_WARN_UNGUARDED_AVAILABILITY = YES_AGGRESSIVE;
				CLANG_WARN_UNREACHABLE_CODE = YES;
				CLANG_WARN__DUPLICATE_METHOD_MATCH = YES;
				COPY_PHASE_STRIP = NO;
				DEBUG_INFORMATION_FORMAT = "dwarf-with-dsym";
				ENABLE_NS_ASSERTIONS = NO;
				ENABLE_STRICT_OBJC_MSGSEND = YES;
				GCC_C_LANGUAGE_STANDARD = gnu11;
				GCC_NO_COMMON_BLOCKS = YES;
				GCC_WARN_64_TO_32_BIT_CONVERSION = YES;
				GCC_WARN_ABOUT_RETURN_TYPE = YES_ERROR;
				GCC_WARN_UNDECLARED_SELECTOR = YES;
				GCC_WARN_UNINITIALIZED_AUTOS = YES_AGGRESSIVE;
				GCC_WARN_UNUSED_FUNCTION = YES;
				GCC_WARN_UNUSED_VARIABLE = YES;
				IPHONEOS_DEPLOYMENT_TARGET = 15.2;
				MTL_ENABLE_DEBUG_INFO = NO;
				MTL_FAST_MATH = YES;
				SDKROOT = iphoneos;
				SWIFT_COMPILATION_MODE = wholemodule;
				SWIFT_OPTIMIZATION_LEVEL = "-O";
				VALIDATE_PRODUCT = YES;
			};
			name = Release;
		};
		607A6F9227B2D3820030B6E0 /* Debug */ = {
			isa = XCBuildConfiguration;
			buildSettings = {
				ASSETCATALOG_COMPILER_APPICON_NAME = AppIcon;
				ASSETCATALOG_COMPILER_GLOBAL_ACCENT_COLOR_NAME = AccentColor;
				CODE_SIGN_STYLE = Automatic;
				CURRENT_PROJECT_VERSION = 1;
				DEVELOPMENT_ASSET_PATHS = "\"RockPaperScissorsGame/Preview Content\"";
				DEVELOPMENT_TEAM = TFV5399V38;
				ENABLE_PREVIEWS = YES;
				GENERATE_INFOPLIST_FILE = YES;
				INFOPLIST_KEY_UIApplicationSceneManifest_Generation = YES;
				INFOPLIST_KEY_UIApplicationSupportsIndirectInputEvents = YES;
				INFOPLIST_KEY_UILaunchScreen_Generation = YES;
				INFOPLIST_KEY_UISupportedInterfaceOrientations_iPad = "UIInterfaceOrientationPortrait UIInterfaceOrientationPortraitUpsideDown UIInterfaceOrientationLandscapeLeft UIInterfaceOrientationLandscapeRight";
				INFOPLIST_KEY_UISupportedInterfaceOrientations_iPhone = "UIInterfaceOrientationPortrait UIInterfaceOrientationLandscapeLeft UIInterfaceOrientationLandscapeRight";
				LD_RUNPATH_SEARCH_PATHS = (
					"$(inherited)",
					"@executable_path/Frameworks",
				);
				MARKETING_VERSION = 1.0;
				PRODUCT_BUNDLE_IDENTIFIER = simgeatlihan.RockPaperScissorsGame;
				PRODUCT_NAME = "$(TARGET_NAME)";
				SWIFT_EMIT_LOC_STRINGS = YES;
				SWIFT_VERSION = 5.0;
				TARGETED_DEVICE_FAMILY = "1,2";
			};
			name = Debug;
		};
		607A6F9327B2D3820030B6E0 /* Release */ = {
			isa = XCBuildConfiguration;
			buildSettings = {
				ASSETCATALOG_COMPILER_APPICON_NAME = AppIcon;
				ASSETCATALOG_COMPILER_GLOBAL_ACCENT_COLOR_NAME = AccentColor;
				CODE_SIGN_STYLE = Automatic;
				CURRENT_PROJECT_VERSION = 1;
				DEVELOPMENT_ASSET_PATHS = "\"RockPaperScissorsGame/Preview Content\"";
				DEVELOPMENT_TEAM = TFV5399V38;
				ENABLE_PREVIEWS = YES;
				GENERATE_INFOPLIST_FILE = YES;
				INFOPLIST_KEY_UIApplicationSceneManifest_Generation = YES;
				INFOPLIST_KEY_UIApplicationSupportsIndirectInputEvents = YES;
				INFOPLIST_KEY_UILaunchScreen_Generation = YES;
				INFOPLIST_KEY_UISupportedInterfaceOrientations_iPad = "UIInterfaceOrientationPortrait UIInterfaceOrientationPortraitUpsideDown UIInterfaceOrientationLandscapeLeft UIInterfaceOrientationLandscapeRight";
				INFOPLIST_KEY_UISupportedInterfaceOrientations_iPhone = "UIInterfaceOrientationPortrait UIInterfaceOrientationLandscapeLeft UIInterfaceOrientationLandscapeRight";
				LD_RUNPATH_SEARCH_PATHS = (
					"$(inherited)",
					"@executable_path/Frameworks",
				);
				MARKETING_VERSION = 1.0;
				PRODUCT_BUNDLE_IDENTIFIER = simgeatlihan.RockPaperScissorsGame;
				PRODUCT_NAME = "$(TARGET_NAME)";
				SWIFT_EMIT_LOC_STRINGS = YES;
				SWIFT_VERSION = 5.0;
				TARGETED_DEVICE_FAMILY = "1,2";
			};
			name = Release;
		};
		607A6F9527B2D3820030B6E0 /* Debug */ = {
			isa = XCBuildConfiguration;
			buildSettings = {
				ALWAYS_EMBED_SWIFT_STANDARD_LIBRARIES = YES;
				BUNDLE_LOADER = "$(TEST_HOST)";
				CODE_SIGN_STYLE = Automatic;
				CURRENT_PROJECT_VERSION = 1;
				DEVELOPMENT_TEAM = TFV5399V38;
				GENERATE_INFOPLIST_FILE = YES;
				IPHONEOS_DEPLOYMENT_TARGET = 15.2;
				MARKETING_VERSION = 1.0;
				PRODUCT_BUNDLE_IDENTIFIER = simgeatlihan.RockPaperScissorsGameTests;
				PRODUCT_NAME = "$(TARGET_NAME)";
				SWIFT_EMIT_LOC_STRINGS = NO;
				SWIFT_VERSION = 5.0;
				TARGETED_DEVICE_FAMILY = "1,2";
				TEST_HOST = "$(BUILT_PRODUCTS_DIR)/RockPaperScissorsGame.app/RockPaperScissorsGame";
			};
			name = Debug;
		};
		607A6F9627B2D3820030B6E0 /* Release */ = {
			isa = XCBuildConfiguration;
			buildSettings = {
				ALWAYS_EMBED_SWIFT_STANDARD_LIBRARIES = YES;
				BUNDLE_LOADER = "$(TEST_HOST)";
				CODE_SIGN_STYLE = Automatic;
				CURRENT_PROJECT_VERSION = 1;
				DEVELOPMENT_TEAM = TFV5399V38;
				GENERATE_INFOPLIST_FILE = YES;
				IPHONEOS_DEPLOYMENT_TARGET = 15.2;
				MARKETING_VERSION = 1.0;
				PRODUCT_BUNDLE_IDENTIFIER = simgeatlihan.RockPaperScissorsGameTests;
				PRODUCT_NAME = "$(TARGET_NAME)";
				SWIFT_EMIT_LOC_STRINGS = NO;
				SWIFT_VERSION = 5.0;
				TARGETED_DEVICE_FAMILY = "1,2";
				TEST_HOST = "$(BUILT_PRODUCTS_DIR)/RockPaperScissorsGame.app/RockPaperScissorsGame";
			};
			name = Release;
		};
		607A6F9827B2D3820030B6E0 /* Debug */ = {
			isa = XCBuildConfiguration;
			buildSettings = {
				ALWAYS_EMBED_SWIFT_STANDARD_LIBRARIES = YES;
				CODE_SIGN_STYLE = Automatic;
				CURRENT_PROJECT_VERSION = 1;
				DEVELOPMENT_TEAM = TFV5399V38;
				GENERATE_INFOPLIST_FILE = YES;
				MARKETING_VERSION = 1.0;
				PRODUCT_BUNDLE_IDENTIFIER = simgeatlihan.RockPaperScissorsGameUITests;
				PRODUCT_NAME = "$(TARGET_NAME)";
				SWIFT_EMIT_LOC_STRINGS = NO;
				SWIFT_VERSION = 5.0;
				TARGETED_DEVICE_FAMILY = "1,2";
				TEST_TARGET_NAME = RockPaperScissorsGame;
			};
			name = Debug;
		};
		607A6F9927B2D3820030B6E0 /* Release */ = {
			isa = XCBuildConfiguration;
			buildSettings = {
				ALWAYS_EMBED_SWIFT_STANDARD_LIBRARIES = YES;
				CODE_SIGN_STYLE = Automatic;
				CURRENT_PROJECT_VERSION = 1;
				DEVELOPMENT_TEAM = TFV5399V38;
				GENERATE_INFOPLIST_FILE = YES;
				MARKETING_VERSION = 1.0;
				PRODUCT_BUNDLE_IDENTIFIER = simgeatlihan.RockPaperScissorsGameUITests;
				PRODUCT_NAME = "$(TARGET_NAME)";
				SWIFT_EMIT_LOC_STRINGS = NO;
				SWIFT_VERSION = 5.0;
				TARGETED_DEVICE_FAMILY = "1,2";
				TEST_TARGET_NAME = RockPaperScissorsGame;
			};
			name = Release;
		};
/* End XCBuildConfiguration section */

/* Begin XCConfigurationList section */
		607A6F6827B2D3810030B6E0 /* Build configuration list for PBXProject "RockPaperScissorsGame" */ = {
			isa = XCConfigurationList;
			buildConfigurations = (
				607A6F8F27B2D3820030B6E0 /* Debug */,
				607A6F9027B2D3820030B6E0 /* Release */,
			);
			defaultConfigurationIsVisible = 0;
			defaultConfigurationName = Release;
		};
		607A6F9127B2D3820030B6E0 /* Build configuration list for PBXNativeTarget "RockPaperScissorsGame" */ = {
			isa = XCConfigurationList;
			buildConfigurations = (
				607A6F9227B2D3820030B6E0 /* Debug */,
				607A6F9327B2D3820030B6E0 /* Release */,
			);
			defaultConfigurationIsVisible = 0;
			defaultConfigurationName = Release;
		};
		607A6F9427B2D3820030B6E0 /* Build configuration list for PBXNativeTarget "RockPaperScissorsGameTests" */ = {
			isa = XCConfigurationList;
			buildConfigurations = (
				607A6F9527B2D3820030B6E0 /* Debug */,
				607A6F9627B2D3820030B6E0 /* Release */,
			);
			defaultConfigurationIsVisible = 0;
			defaultConfigurationName = Release;
		};
		607A6F9727B2D3820030B6E0 /* Build configuration list for PBXNativeTarget "RockPaperScissorsGameUITests" */ = {
			isa = XCConfigurationList;
			buildConfigurations = (
				607A6F9827B2D3820030B6E0 /* Debug */,
				607A6F9927B2D3820030B6E0 /* Release */,
			);
			defaultConfigurationIsVisible = 0;
			defaultConfigurationName = Release;
		};
/* End XCConfigurationList section */
	};
	rootObject = 607A6F6527B2D3810030B6E0 /* Project object */;
}
